{
  "name": "typedoc-plugin-external-resolver",
  "version": "1.0.1",
  "lockfileVersion": 2,
  "requires": true,
  "packages": {
    "": {
      "name": "typedoc-plugin-external-resolver",
      "version": "1.0.1",
      "license": "MIT",
      "devDependencies": {
        "@types/node": "^18.11.18",
        "esbuild": "^0.17.4",
        "resolve-package-path": "^4.0.3",
        "typedoc": "^0.23.24",
        "typescript": "^4.9.4"
      },
      "peerDependencies": {
        "typedoc": "0.23.x",
        "typescript": "4.x"
      }
    },
    "node_modules/@esbuild/android-arm": {
      "version": "0.17.4",
      "resolved": "https://registry.npmjs.org/@esbuild/android-arm/-/android-arm-0.17.4.tgz",
      "integrity": "sha512-R9GCe2xl2XDSc2XbQB63mFiFXHIVkOP+ltIxICKXqUPrFX97z6Z7vONCLQM1pSOLGqfLrGi3B7nbhxmFY/fomg==",
      "cpu": [
        "arm"
      ],
      "dev": true,
      "optional": true,
      "os": [
        "android"
      ],
      "engines": {
        "node": ">=12"
      }
    },
    "node_modules/@esbuild/android-arm64": {
      "version": "0.17.4",
      "resolved": "https://registry.npmjs.org/@esbuild/android-arm64/-/android-arm64-0.17.4.tgz",
      "integrity": "sha512-91VwDrl4EpxBCiG6h2LZZEkuNvVZYJkv2T9gyLG/mhGG1qrM7i5SwUcg/hlSPnL/4hDT0TFcF35/XMGSn0bemg==",
      "cpu": [
        "arm64"
      ],
      "dev": true,
      "optional": true,
      "os": [
        "android"
      ],
      "engines": {
        "node": ">=12"
      }
    },
    "node_modules/@esbuild/android-x64": {
      "version": "0.17.4",
      "resolved": "https://registry.npmjs.org/@esbuild/android-x64/-/android-x64-0.17.4.tgz",
      "integrity": "sha512-mGSqhEPL7029XL7QHNPxPs15JVa02hvZvysUcyMP9UXdGFwncl2WU0bqx+Ysgzd+WAbv8rfNa73QveOxAnAM2w==",
      "cpu": [
        "x64"
      ],
      "dev": true,
      "optional": true,
      "os": [
        "android"
      ],
      "engines": {
        "node": ">=12"
      }
    },
    "node_modules/@esbuild/darwin-arm64": {
      "version": "0.17.4",
      "resolved": "https://registry.npmjs.org/@esbuild/darwin-arm64/-/darwin-arm64-0.17.4.tgz",
      "integrity": "sha512-tTyJRM9dHvlMPt1KrBFVB5OW1kXOsRNvAPtbzoKazd5RhD5/wKlXk1qR2MpaZRYwf4WDMadt0Pv0GwxB41CVow==",
      "cpu": [
        "arm64"
      ],
      "dev": true,
      "optional": true,
      "os": [
        "darwin"
      ],
      "engines": {
        "node": ">=12"
      }
    },
    "node_modules/@esbuild/darwin-x64": {
      "version": "0.17.4",
      "resolved": "https://registry.npmjs.org/@esbuild/darwin-x64/-/darwin-x64-0.17.4.tgz",
      "integrity": "sha512-phQuC2Imrb3TjOJwLN8EO50nb2FHe8Ew0OwgZDH1SV6asIPGudnwTQtighDF2EAYlXChLoMJwqjAp4vAaACq6w==",
      "cpu": [
        "x64"
      ],
      "dev": true,
      "optional": true,
      "os": [
        "darwin"
      ],
      "engines": {
        "node": ">=12"
      }
    },
    "node_modules/@esbuild/freebsd-arm64": {
      "version": "0.17.4",
      "resolved": "https://registry.npmjs.org/@esbuild/freebsd-arm64/-/freebsd-arm64-0.17.4.tgz",
      "integrity": "sha512-oH6JUZkocgmjzzYaP5juERLpJQSwazdjZrTPgLRmAU2bzJ688x0vfMB/WTv4r58RiecdHvXOPC46VtsMy/mepg==",
      "cpu": [
        "arm64"
      ],
      "dev": true,
      "optional": true,
      "os": [
        "freebsd"
      ],
      "engines": {
        "node": ">=12"
      }
    },
    "node_modules/@esbuild/freebsd-x64": {
      "version": "0.17.4",
      "resolved": "https://registry.npmjs.org/@esbuild/freebsd-x64/-/freebsd-x64-0.17.4.tgz",
      "integrity": "sha512-U4iWGn/9TrAfpAdfd56eO0pRxIgb0a8Wj9jClrhT8hvZnOnS4dfMPW7o4fn15D/KqoiVYHRm43jjBaTt3g/2KA==",
      "cpu": [
        "x64"
      ],
      "dev": true,
      "optional": true,
      "os": [
        "freebsd"
      ],
      "engines": {
        "node": ">=12"
      }
    },
    "node_modules/@esbuild/linux-arm": {
      "version": "0.17.4",
      "resolved": "https://registry.npmjs.org/@esbuild/linux-arm/-/linux-arm-0.17.4.tgz",
      "integrity": "sha512-S2s9xWTGMTa/fG5EyMGDeL0wrWVgOSQcNddJWgu6rG1NCSXJHs76ZP9AsxjB3f2nZow9fWOyApklIgiTGZKhiw==",
      "cpu": [
        "arm"
      ],
      "dev": true,
      "optional": true,
      "os": [
        "linux"
      ],
      "engines": {
        "node": ">=12"
      }
    },
    "node_modules/@esbuild/linux-arm64": {
      "version": "0.17.4",
      "resolved": "https://registry.npmjs.org/@esbuild/linux-arm64/-/linux-arm64-0.17.4.tgz",
      "integrity": "sha512-UkGfQvYlwOaeYJzZG4cLV0hCASzQZnKNktRXUo3/BMZvdau40AOz9GzmGA063n1piq6VrFFh43apRDQx8hMP2w==",
      "cpu": [
        "arm64"
      ],
      "dev": true,
      "optional": true,
      "os": [
        "linux"
      ],
      "engines": {
        "node": ">=12"
      }
    },
    "node_modules/@esbuild/linux-ia32": {
      "version": "0.17.4",
      "resolved": "https://registry.npmjs.org/@esbuild/linux-ia32/-/linux-ia32-0.17.4.tgz",
      "integrity": "sha512-3lqFi4VFo/Vwvn77FZXeLd0ctolIJH/uXkH3yNgEk89Eh6D3XXAC9/iTPEzeEpsNE5IqGIsFa5Z0iPeOh25IyA==",
      "cpu": [
        "ia32"
      ],
      "dev": true,
      "optional": true,
      "os": [
        "linux"
      ],
      "engines": {
        "node": ">=12"
      }
    },
    "node_modules/@esbuild/linux-loong64": {
      "version": "0.17.4",
      "resolved": "https://registry.npmjs.org/@esbuild/linux-loong64/-/linux-loong64-0.17.4.tgz",
      "integrity": "sha512-HqpWZkVslDHIwdQ9D+gk7NuAulgQvRxF9no54ut/M55KEb3mi7sQS3GwpPJzSyzzP0UkjQVN7/tbk88/CaX4EQ==",
      "cpu": [
        "loong64"
      ],
      "dev": true,
      "optional": true,
      "os": [
        "linux"
      ],
      "engines": {
        "node": ">=12"
      }
    },
    "node_modules/@esbuild/linux-mips64el": {
      "version": "0.17.4",
      "resolved": "https://registry.npmjs.org/@esbuild/linux-mips64el/-/linux-mips64el-0.17.4.tgz",
      "integrity": "sha512-d/nMCKKh/SVDbqR9ju+b78vOr0tNXtfBjcp5vfHONCCOAL9ad8gN9dC/u+UnH939pz7wO+0u/x9y1MaZcb/lKA==",
      "cpu": [
        "mips64el"
      ],
      "dev": true,
      "optional": true,
      "os": [
        "linux"
      ],
      "engines": {
        "node": ">=12"
      }
    },
    "node_modules/@esbuild/linux-ppc64": {
      "version": "0.17.4",
      "resolved": "https://registry.npmjs.org/@esbuild/linux-ppc64/-/linux-ppc64-0.17.4.tgz",
      "integrity": "sha512-lOD9p2dmjZcNiTU+sGe9Nn6G3aYw3k0HBJies1PU0j5IGfp6tdKOQ6mzfACRFCqXjnBuTqK7eTYpwx09O5LLfg==",
      "cpu": [
        "ppc64"
      ],
      "dev": true,
      "optional": true,
      "os": [
        "linux"
      ],
      "engines": {
        "node": ">=12"
      }
    },
    "node_modules/@esbuild/linux-riscv64": {
      "version": "0.17.4",
      "resolved": "https://registry.npmjs.org/@esbuild/linux-riscv64/-/linux-riscv64-0.17.4.tgz",
      "integrity": "sha512-mTGnwWwVshAjGsd8rP+K6583cPDgxOunsqqldEYij7T5/ysluMHKqUIT4TJHfrDFadUwrghAL6QjER4FeqQXoA==",
      "cpu": [
        "riscv64"
      ],
      "dev": true,
      "optional": true,
      "os": [
        "linux"
      ],
      "engines": {
        "node": ">=12"
      }
    },
    "node_modules/@esbuild/linux-s390x": {
      "version": "0.17.4",
      "resolved": "https://registry.npmjs.org/@esbuild/linux-s390x/-/linux-s390x-0.17.4.tgz",
      "integrity": "sha512-AQYuUGp50XM29/N/dehADxvc2bUqDcoqrVuijop1Wv72SyxT6dDB9wjUxuPZm2HwIM876UoNNBMVd+iX/UTKVQ==",
      "cpu": [
        "s390x"
      ],
      "dev": true,
      "optional": true,
      "os": [
        "linux"
      ],
      "engines": {
        "node": ">=12"
      }
    },
    "node_modules/@esbuild/linux-x64": {
      "version": "0.17.4",
      "resolved": "https://registry.npmjs.org/@esbuild/linux-x64/-/linux-x64-0.17.4.tgz",
      "integrity": "sha512-+AsFBwKgQuhV2shfGgA9YloxLDVjXgUEWZum7glR5lLmV94IThu/u2JZGxTgjYby6kyXEx8lKOqP5rTEVBR0Rw==",
      "cpu": [
        "x64"
      ],
      "dev": true,
      "optional": true,
      "os": [
        "linux"
      ],
      "engines": {
        "node": ">=12"
      }
    },
    "node_modules/@esbuild/netbsd-x64": {
      "version": "0.17.4",
      "resolved": "https://registry.npmjs.org/@esbuild/netbsd-x64/-/netbsd-x64-0.17.4.tgz",
      "integrity": "sha512-zD1TKYX9553OiLS/qkXPMlWoELYkH/VkzRYNKEU+GwFiqkq0SuxsKnsCg5UCdxN3cqd+1KZ8SS3R+WG/Hxy2jQ==",
      "cpu": [
        "x64"
      ],
      "dev": true,
      "optional": true,
      "os": [
        "netbsd"
      ],
      "engines": {
        "node": ">=12"
      }
    },
    "node_modules/@esbuild/openbsd-x64": {
      "version": "0.17.4",
      "resolved": "https://registry.npmjs.org/@esbuild/openbsd-x64/-/openbsd-x64-0.17.4.tgz",
      "integrity": "sha512-PY1NjEsLRhPEFFg1AV0/4Or/gR+q2dOb9s5rXcPuCjyHRzbt8vnHJl3vYj+641TgWZzTFmSUnZbzs1zwTzjeqw==",
      "cpu": [
        "x64"
      ],
      "dev": true,
      "optional": true,
      "os": [
        "openbsd"
      ],
      "engines": {
        "node": ">=12"
      }
    },
    "node_modules/@esbuild/sunos-x64": {
      "version": "0.17.4",
      "resolved": "https://registry.npmjs.org/@esbuild/sunos-x64/-/sunos-x64-0.17.4.tgz",
      "integrity": "sha512-B3Z7s8QZQW9tKGleMRXvVmwwLPAUoDCHs4WZ2ElVMWiortLJFowU1NjAhXOKjDgC7o9ByeVcwyOlJ+F2r6ZgmQ==",
      "cpu": [
        "x64"
      ],
      "dev": true,
      "optional": true,
      "os": [
        "sunos"
      ],
      "engines": {
        "node": ">=12"
      }
    },
    "node_modules/@esbuild/win32-arm64": {
      "version": "0.17.4",
      "resolved": "https://registry.npmjs.org/@esbuild/win32-arm64/-/win32-arm64-0.17.4.tgz",
      "integrity": "sha512-0HCu8R3mY/H5V7N6kdlsJkvrT591bO/oRZy8ztF1dhgNU5xD5tAh5bKByT1UjTGjp/VVBsl1PDQ3L18SfvtnBQ==",
      "cpu": [
        "arm64"
      ],
      "dev": true,
      "optional": true,
      "os": [
        "win32"
      ],
      "engines": {
        "node": ">=12"
      }
    },
    "node_modules/@esbuild/win32-ia32": {
      "version": "0.17.4",
      "resolved": "https://registry.npmjs.org/@esbuild/win32-ia32/-/win32-ia32-0.17.4.tgz",
      "integrity": "sha512-VUjhVDQycse1gLbe06pC/uaA0M+piQXJpdpNdhg8sPmeIZZqu5xPoGWVCmcsOO2gaM2cywuTYTHkXRozo3/Nkg==",
      "cpu": [
        "ia32"
      ],
      "dev": true,
      "optional": true,
      "os": [
        "win32"
      ],
      "engines": {
        "node": ">=12"
      }
    },
    "node_modules/@esbuild/win32-x64": {
      "version": "0.17.4",
      "resolved": "https://registry.npmjs.org/@esbuild/win32-x64/-/win32-x64-0.17.4.tgz",
      "integrity": "sha512-0kLAjs+xN5OjhTt/aUA6t48SfENSCKgGPfExADYTOo/UCn0ivxos9/anUVeSfg+L+2O9xkFxvJXIJfG+Q4sYSg==",
      "cpu": [
        "x64"
      ],
      "dev": true,
      "optional": true,
      "os": [
        "win32"
      ],
      "engines": {
        "node": ">=12"
      }
    },
    "node_modules/@types/node": {
      "version": "18.11.18",
      "resolved": "https://registry.npmjs.org/@types/node/-/node-18.11.18.tgz",
      "integrity": "sha512-DHQpWGjyQKSHj3ebjFI/wRKcqQcdR+MoFBygntYOZytCqNfkd2ZC4ARDJ2DQqhjH5p85Nnd3jhUJIXrszFX/JA==",
      "dev": true
    },
    "node_modules/balanced-match": {
      "version": "1.0.2",
      "resolved": "https://registry.npmjs.org/balanced-match/-/balanced-match-1.0.2.tgz",
      "integrity": "sha512-3oSeUO0TMV67hN1AmbXsK4yaqU7tjiHlbxRDZOpH0KW9+CeX4bRAaX0Anxt0tx2MrpRpWwQaPwIlISEJhYU5Pw==",
      "dev": true
    },
    "node_modules/brace-expansion": {
      "version": "2.0.1",
      "resolved": "https://registry.npmjs.org/brace-expansion/-/brace-expansion-2.0.1.tgz",
      "integrity": "sha512-XnAIvQ8eM+kC6aULx6wuQiwVsnzsi9d3WxzV3FpWTGA19F621kwdbsAcFKXgKUHZWsy+mY6iL1sHTxWEFCytDA==",
      "dev": true,
      "dependencies": {
        "balanced-match": "^1.0.0"
      }
    },
    "node_modules/esbuild": {
      "version": "0.17.4",
      "resolved": "https://registry.npmjs.org/esbuild/-/esbuild-0.17.4.tgz",
      "integrity": "sha512-zBn9MeCwT7W5F1a3lXClD61ip6vQM+H8Msb0w8zMT4ZKBpDg+rFAraNyWCDelB/2L6M3g6AXHPnsyvjMFnxtFw==",
      "dev": true,
      "hasInstallScript": true,
      "bin": {
        "esbuild": "bin/esbuild"
      },
      "engines": {
        "node": ">=12"
      },
      "optionalDependencies": {
        "@esbuild/android-arm": "0.17.4",
        "@esbuild/android-arm64": "0.17.4",
        "@esbuild/android-x64": "0.17.4",
        "@esbuild/darwin-arm64": "0.17.4",
        "@esbuild/darwin-x64": "0.17.4",
        "@esbuild/freebsd-arm64": "0.17.4",
        "@esbuild/freebsd-x64": "0.17.4",
        "@esbuild/linux-arm": "0.17.4",
        "@esbuild/linux-arm64": "0.17.4",
        "@esbuild/linux-ia32": "0.17.4",
        "@esbuild/linux-loong64": "0.17.4",
        "@esbuild/linux-mips64el": "0.17.4",
        "@esbuild/linux-ppc64": "0.17.4",
        "@esbuild/linux-riscv64": "0.17.4",
        "@esbuild/linux-s390x": "0.17.4",
        "@esbuild/linux-x64": "0.17.4",
        "@esbuild/netbsd-x64": "0.17.4",
        "@esbuild/openbsd-x64": "0.17.4",
        "@esbuild/sunos-x64": "0.17.4",
        "@esbuild/win32-arm64": "0.17.4",
        "@esbuild/win32-ia32": "0.17.4",
        "@esbuild/win32-x64": "0.17.4"
      }
    },
    "node_modules/jsonc-parser": {
      "version": "3.2.0",
      "resolved": "https://registry.npmjs.org/jsonc-parser/-/jsonc-parser-3.2.0.tgz",
      "integrity": "sha512-gfFQZrcTc8CnKXp6Y4/CBT3fTc0OVuDofpre4aEeEpSBPV5X5v4+Vmx+8snU7RLPrNHPKSgLxGo9YuQzz20o+w==",
      "dev": true
    },
    "node_modules/lunr": {
      "version": "2.3.9",
      "resolved": "https://registry.npmjs.org/lunr/-/lunr-2.3.9.tgz",
      "integrity": "sha512-zTU3DaZaF3Rt9rhN3uBMGQD3dD2/vFQqnvZCDv4dl5iOzq2IZQqTxu90r4E5J+nP70J3ilqVCrbho2eWaeW8Ow==",
      "dev": true
    },
    "node_modules/marked": {
      "version": "4.2.12",
      "resolved": "https://registry.npmjs.org/marked/-/marked-4.2.12.tgz",
      "integrity": "sha512-yr8hSKa3Fv4D3jdZmtMMPghgVt6TWbk86WQaWhDloQjRSQhMMYCAro7jP7VDJrjjdV8pxVxMssXS8B8Y5DZ5aw==",
      "dev": true,
      "bin": {
        "marked": "bin/marked.js"
      },
      "engines": {
        "node": ">= 12"
      }
    },
    "node_modules/minimatch": {
      "version": "5.1.6",
      "resolved": "https://registry.npmjs.org/minimatch/-/minimatch-5.1.6.tgz",
      "integrity": "sha512-lKwV/1brpG6mBUFHtb7NUmtABCb2WZZmm2wNiOA5hAb8VdCS4B3dtMWyvcoViccwAW/COERjXLt0zP1zXUN26g==",
      "dev": true,
      "dependencies": {
        "brace-expansion": "^2.0.1"
      },
      "engines": {
        "node": ">=10"
      }
    },
    "node_modules/path-root": {
      "version": "0.1.1",
      "resolved": "https://registry.npmjs.org/path-root/-/path-root-0.1.1.tgz",
      "integrity": "sha512-QLcPegTHF11axjfojBIoDygmS2E3Lf+8+jI6wOVmNVenrKSo3mFdSGiIgdSHenczw3wPtlVMQaFVwGmM7BJdtg==",
      "dev": true,
      "dependencies": {
        "path-root-regex": "^0.1.0"
      },
      "engines": {
        "node": ">=0.10.0"
      }
    },
    "node_modules/path-root-regex": {
      "version": "0.1.2",
      "resolved": "https://registry.npmjs.org/path-root-regex/-/path-root-regex-0.1.2.tgz",
      "integrity": "sha512-4GlJ6rZDhQZFE0DPVKh0e9jmZ5egZfxTkp7bcRDuPlJXbAwhxcl2dINPUAsjLdejqaLsCeg8axcLjIbvBjN4pQ==",
      "dev": true,
      "engines": {
        "node": ">=0.10.0"
      }
    },
    "node_modules/resolve-package-path": {
      "version": "4.0.3",
      "resolved": "https://registry.npmjs.org/resolve-package-path/-/resolve-package-path-4.0.3.tgz",
      "integrity": "sha512-SRpNAPW4kewOaNUt8VPqhJ0UMxawMwzJD8V7m1cJfdSTK9ieZwS6K7Dabsm4bmLFM96Z5Y/UznrpG5kt1im8yA==",
      "dev": true,
      "dependencies": {
        "path-root": "^0.1.1"
      },
      "engines": {
        "node": ">= 12"
      }
    },
    "node_modules/shiki": {
      "version": "0.12.1",
      "resolved": "https://registry.npmjs.org/shiki/-/shiki-0.12.1.tgz",
      "integrity": "sha512-aieaV1m349rZINEBkjxh2QbBvFFQOlgqYTNtCal82hHj4dDZ76oMlQIX+C7ryerBTDiga3e5NfH6smjdJ02BbQ==",
      "dev": true,
      "dependencies": {
        "jsonc-parser": "^3.2.0",
        "vscode-oniguruma": "^1.7.0",
        "vscode-textmate": "^8.0.0"
      }
    },
    "node_modules/typedoc": {
      "version": "0.23.24",
      "resolved": "https://registry.npmjs.org/typedoc/-/typedoc-0.23.24.tgz",
      "integrity": "sha512-bfmy8lNQh+WrPYcJbtjQ6JEEsVl/ce1ZIXyXhyW+a1vFrjO39t6J8sL/d6FfAGrJTc7McCXgk9AanYBSNvLdIA==",
      "dev": true,
      "dependencies": {
        "lunr": "^2.3.9",
        "marked": "^4.2.5",
        "minimatch": "^5.1.2",
        "shiki": "^0.12.1"
      },
      "bin": {
        "typedoc": "bin/typedoc"
      },
      "engines": {
        "node": ">= 14.14"
      },
      "peerDependencies": {
        "typescript": "4.6.x || 4.7.x || 4.8.x || 4.9.x"
      }
    },
    "node_modules/typescript": {
      "version": "4.9.4",
      "resolved": "https://registry.npmjs.org/typescript/-/typescript-4.9.4.tgz",
      "integrity": "sha512-Uz+dTXYzxXXbsFpM86Wh3dKCxrQqUcVMxwU54orwlJjOpO3ao8L7j5lH+dWfTwgCwIuM9GQ2kvVotzYJMXTBZg==",
      "dev": true,
      "bin": {
        "tsc": "bin/tsc",
        "tsserver": "bin/tsserver"
      },
      "engines": {
        "node": ">=4.2.0"
      }
    },
    "node_modules/vscode-oniguruma": {
      "version": "1.7.0",
      "resolved": "https://registry.npmjs.org/vscode-oniguruma/-/vscode-oniguruma-1.7.0.tgz",
      "integrity": "sha512-L9WMGRfrjOhgHSdOYgCt/yRMsXzLDJSL7BPrOZt73gU0iWO4mpqzqQzOz5srxqTvMBaR0XZTSrVWo4j55Rc6cA==",
      "dev": true
    },
    "node_modules/vscode-textmate": {
      "version": "8.0.0",
      "resolved": "https://registry.npmjs.org/vscode-textmate/-/vscode-textmate-8.0.0.tgz",
      "integrity": "sha512-AFbieoL7a5LMqcnOF04ji+rpXadgOXnZsxQr//r83kLPr7biP7am3g9zbaZIaBGwBRWeSvoMD4mgPdX3e4NWBg==",
      "dev": true
    }
  },
  "dependencies": {
    "@esbuild/android-arm": {
      "version": "0.17.4",
      "resolved": "https://registry.npmjs.org/@esbuild/android-arm/-/android-arm-0.17.4.tgz",
      "integrity": "sha512-R9GCe2xl2XDSc2XbQB63mFiFXHIVkOP+ltIxICKXqUPrFX97z6Z7vONCLQM1pSOLGqfLrGi3B7nbhxmFY/fomg==",
      "dev": true,
      "optional": true
    },
    "@esbuild/android-arm64": {
      "version": "0.17.4",
      "resolved": "https://registry.npmjs.org/@esbuild/android-arm64/-/android-arm64-0.17.4.tgz",
      "integrity": "sha512-91VwDrl4EpxBCiG6h2LZZEkuNvVZYJkv2T9gyLG/mhGG1qrM7i5SwUcg/hlSPnL/4hDT0TFcF35/XMGSn0bemg==",
      "dev": true,
      "optional": true
    },
    "@esbuild/android-x64": {
      "version": "0.17.4",
      "resolved": "https://registry.npmjs.org/@esbuild/android-x64/-/android-x64-0.17.4.tgz",
      "integrity": "sha512-mGSqhEPL7029XL7QHNPxPs15JVa02hvZvysUcyMP9UXdGFwncl2WU0bqx+Ysgzd+WAbv8rfNa73QveOxAnAM2w==",
      "dev": true,
      "optional": true
    },
    "@esbuild/darwin-arm64": {
      "version": "0.17.4",
      "resolved": "https://registry.npmjs.org/@esbuild/darwin-arm64/-/darwin-arm64-0.17.4.tgz",
      "integrity": "sha512-tTyJRM9dHvlMPt1KrBFVB5OW1kXOsRNvAPtbzoKazd5RhD5/wKlXk1qR2MpaZRYwf4WDMadt0Pv0GwxB41CVow==",
      "dev": true,
      "optional": true
    },
    "@esbuild/darwin-x64": {
      "version": "0.17.4",
      "resolved": "https://registry.npmjs.org/@esbuild/darwin-x64/-/darwin-x64-0.17.4.tgz",
      "integrity": "sha512-phQuC2Imrb3TjOJwLN8EO50nb2FHe8Ew0OwgZDH1SV6asIPGudnwTQtighDF2EAYlXChLoMJwqjAp4vAaACq6w==",
      "dev": true,
      "optional": true
    },
    "@esbuild/freebsd-arm64": {
      "version": "0.17.4",
      "resolved": "https://registry.npmjs.org/@esbuild/freebsd-arm64/-/freebsd-arm64-0.17.4.tgz",
      "integrity": "sha512-oH6JUZkocgmjzzYaP5juERLpJQSwazdjZrTPgLRmAU2bzJ688x0vfMB/WTv4r58RiecdHvXOPC46VtsMy/mepg==",
      "dev": true,
      "optional": true
    },
    "@esbuild/freebsd-x64": {
      "version": "0.17.4",
      "resolved": "https://registry.npmjs.org/@esbuild/freebsd-x64/-/freebsd-x64-0.17.4.tgz",
      "integrity": "sha512-U4iWGn/9TrAfpAdfd56eO0pRxIgb0a8Wj9jClrhT8hvZnOnS4dfMPW7o4fn15D/KqoiVYHRm43jjBaTt3g/2KA==",
      "dev": true,
      "optional": true
    },
    "@esbuild/linux-arm": {
      "version": "0.17.4",
      "resolved": "https://registry.npmjs.org/@esbuild/linux-arm/-/linux-arm-0.17.4.tgz",
      "integrity": "sha512-S2s9xWTGMTa/fG5EyMGDeL0wrWVgOSQcNddJWgu6rG1NCSXJHs76ZP9AsxjB3f2nZow9fWOyApklIgiTGZKhiw==",
      "dev": true,
      "optional": true
    },
    "@esbuild/linux-arm64": {
      "version": "0.17.4",
      "resolved": "https://registry.npmjs.org/@esbuild/linux-arm64/-/linux-arm64-0.17.4.tgz",
      "integrity": "sha512-UkGfQvYlwOaeYJzZG4cLV0hCASzQZnKNktRXUo3/BMZvdau40AOz9GzmGA063n1piq6VrFFh43apRDQx8hMP2w==",
      "dev": true,
      "optional": true
    },
    "@esbuild/linux-ia32": {
      "version": "0.17.4",
      "resolved": "https://registry.npmjs.org/@esbuild/linux-ia32/-/linux-ia32-0.17.4.tgz",
      "integrity": "sha512-3lqFi4VFo/Vwvn77FZXeLd0ctolIJH/uXkH3yNgEk89Eh6D3XXAC9/iTPEzeEpsNE5IqGIsFa5Z0iPeOh25IyA==",
      "dev": true,
      "optional": true
    },
    "@esbuild/linux-loong64": {
      "version": "0.17.4",
      "resolved": "https://registry.npmjs.org/@esbuild/linux-loong64/-/linux-loong64-0.17.4.tgz",
      "integrity": "sha512-HqpWZkVslDHIwdQ9D+gk7NuAulgQvRxF9no54ut/M55KEb3mi7sQS3GwpPJzSyzzP0UkjQVN7/tbk88/CaX4EQ==",
      "dev": true,
      "optional": true
    },
    "@esbuild/linux-mips64el": {
      "version": "0.17.4",
      "resolved": "https://registry.npmjs.org/@esbuild/linux-mips64el/-/linux-mips64el-0.17.4.tgz",
      "integrity": "sha512-d/nMCKKh/SVDbqR9ju+b78vOr0tNXtfBjcp5vfHONCCOAL9ad8gN9dC/u+UnH939pz7wO+0u/x9y1MaZcb/lKA==",
      "dev": true,
      "optional": true
    },
    "@esbuild/linux-ppc64": {
      "version": "0.17.4",
      "resolved": "https://registry.npmjs.org/@esbuild/linux-ppc64/-/linux-ppc64-0.17.4.tgz",
      "integrity": "sha512-lOD9p2dmjZcNiTU+sGe9Nn6G3aYw3k0HBJies1PU0j5IGfp6tdKOQ6mzfACRFCqXjnBuTqK7eTYpwx09O5LLfg==",
      "dev": true,
      "optional": true
    },
    "@esbuild/linux-riscv64": {
      "version": "0.17.4",
      "resolved": "https://registry.npmjs.org/@esbuild/linux-riscv64/-/linux-riscv64-0.17.4.tgz",
      "integrity": "sha512-mTGnwWwVshAjGsd8rP+K6583cPDgxOunsqqldEYij7T5/ysluMHKqUIT4TJHfrDFadUwrghAL6QjER4FeqQXoA==",
      "dev": true,
      "optional": true
    },
    "@esbuild/linux-s390x": {
      "version": "0.17.4",
      "resolved": "https://registry.npmjs.org/@esbuild/linux-s390x/-/linux-s390x-0.17.4.tgz",
      "integrity": "sha512-AQYuUGp50XM29/N/dehADxvc2bUqDcoqrVuijop1Wv72SyxT6dDB9wjUxuPZm2HwIM876UoNNBMVd+iX/UTKVQ==",
      "dev": true,
      "optional": true
    },
    "@esbuild/linux-x64": {
      "version": "0.17.4",
      "resolved": "https://registry.npmjs.org/@esbuild/linux-x64/-/linux-x64-0.17.4.tgz",
      "integrity": "sha512-+AsFBwKgQuhV2shfGgA9YloxLDVjXgUEWZum7glR5lLmV94IThu/u2JZGxTgjYby6kyXEx8lKOqP5rTEVBR0Rw==",
      "dev": true,
      "optional": true
    },
    "@esbuild/netbsd-x64": {
      "version": "0.17.4",
      "resolved": "https://registry.npmjs.org/@esbuild/netbsd-x64/-/netbsd-x64-0.17.4.tgz",
      "integrity": "sha512-zD1TKYX9553OiLS/qkXPMlWoELYkH/VkzRYNKEU+GwFiqkq0SuxsKnsCg5UCdxN3cqd+1KZ8SS3R+WG/Hxy2jQ==",
      "dev": true,
      "optional": true
    },
    "@esbuild/openbsd-x64": {
      "version": "0.17.4",
      "resolved": "https://registry.npmjs.org/@esbuild/openbsd-x64/-/openbsd-x64-0.17.4.tgz",
      "integrity": "sha512-PY1NjEsLRhPEFFg1AV0/4Or/gR+q2dOb9s5rXcPuCjyHRzbt8vnHJl3vYj+641TgWZzTFmSUnZbzs1zwTzjeqw==",
      "dev": true,
      "optional": true
    },
    "@esbuild/sunos-x64": {
      "version": "0.17.4",
      "resolved": "https://registry.npmjs.org/@esbuild/sunos-x64/-/sunos-x64-0.17.4.tgz",
      "integrity": "sha512-B3Z7s8QZQW9tKGleMRXvVmwwLPAUoDCHs4WZ2ElVMWiortLJFowU1NjAhXOKjDgC7o9ByeVcwyOlJ+F2r6ZgmQ==",
      "dev": true,
      "optional": true
    },
    "@esbuild/win32-arm64": {
      "version": "0.17.4",
      "resolved": "https://registry.npmjs.org/@esbuild/win32-arm64/-/win32-arm64-0.17.4.tgz",
      "integrity": "sha512-0HCu8R3mY/H5V7N6kdlsJkvrT591bO/oRZy8ztF1dhgNU5xD5tAh5bKByT1UjTGjp/VVBsl1PDQ3L18SfvtnBQ==",
      "dev": true,
      "optional": true
    },
    "@esbuild/win32-ia32": {
      "version": "0.17.4",
      "resolved": "https://registry.npmjs.org/@esbuild/win32-ia32/-/win32-ia32-0.17.4.tgz",
      "integrity": "sha512-VUjhVDQycse1gLbe06pC/uaA0M+piQXJpdpNdhg8sPmeIZZqu5xPoGWVCmcsOO2gaM2cywuTYTHkXRozo3/Nkg==",
      "dev": true,
      "optional": true
    },
    "@esbuild/win32-x64": {
      "version": "0.17.4",
      "resolved": "https://registry.npmjs.org/@esbuild/win32-x64/-/win32-x64-0.17.4.tgz",
      "integrity": "sha512-0kLAjs+xN5OjhTt/aUA6t48SfENSCKgGPfExADYTOo/UCn0ivxos9/anUVeSfg+L+2O9xkFxvJXIJfG+Q4sYSg==",
      "dev": true,
      "optional": true
    },
    "@types/node": {
      "version": "18.11.18",
      "resolved": "https://registry.npmjs.org/@types/node/-/node-18.11.18.tgz",
      "integrity": "sha512-DHQpWGjyQKSHj3ebjFI/wRKcqQcdR+MoFBygntYOZytCqNfkd2ZC4ARDJ2DQqhjH5p85Nnd3jhUJIXrszFX/JA==",
      "dev": true
    },
    "balanced-match": {
      "version": "1.0.2",
      "resolved": "https://registry.npmjs.org/balanced-match/-/balanced-match-1.0.2.tgz",
      "integrity": "sha512-3oSeUO0TMV67hN1AmbXsK4yaqU7tjiHlbxRDZOpH0KW9+CeX4bRAaX0Anxt0tx2MrpRpWwQaPwIlISEJhYU5Pw==",
      "dev": true
    },
    "brace-expansion": {
      "version": "2.0.1",
      "resolved": "https://registry.npmjs.org/brace-expansion/-/brace-expansion-2.0.1.tgz",
      "integrity": "sha512-XnAIvQ8eM+kC6aULx6wuQiwVsnzsi9d3WxzV3FpWTGA19F621kwdbsAcFKXgKUHZWsy+mY6iL1sHTxWEFCytDA==",
      "dev": true,
      "requires": {
        "balanced-match": "^1.0.0"
      }
    },
    "esbuild": {
      "version": "0.17.4",
      "resolved": "https://registry.npmjs.org/esbuild/-/esbuild-0.17.4.tgz",
      "integrity": "sha512-zBn9MeCwT7W5F1a3lXClD61ip6vQM+H8Msb0w8zMT4ZKBpDg+rFAraNyWCDelB/2L6M3g6AXHPnsyvjMFnxtFw==",
      "dev": true,
      "requires": {
        "@esbuild/android-arm": "0.17.4",
        "@esbuild/android-arm64": "0.17.4",
        "@esbuild/android-x64": "0.17.4",
        "@esbuild/darwin-arm64": "0.17.4",
        "@esbuild/darwin-x64": "0.17.4",
        "@esbuild/freebsd-arm64": "0.17.4",
        "@esbuild/freebsd-x64": "0.17.4",
        "@esbuild/linux-arm": "0.17.4",
        "@esbuild/linux-arm64": "0.17.4",
        "@esbuild/linux-ia32": "0.17.4",
        "@esbuild/linux-loong64": "0.17.4",
        "@esbuild/linux-mips64el": "0.17.4",
        "@esbuild/linux-ppc64": "0.17.4",
        "@esbuild/linux-riscv64": "0.17.4",
        "@esbuild/linux-s390x": "0.17.4",
        "@esbuild/linux-x64": "0.17.4",
        "@esbuild/netbsd-x64": "0.17.4",
        "@esbuild/openbsd-x64": "0.17.4",
        "@esbuild/sunos-x64": "0.17.4",
        "@esbuild/win32-arm64": "0.17.4",
        "@esbuild/win32-ia32": "0.17.4",
        "@esbuild/win32-x64": "0.17.4"
      }
    },
    "jsonc-parser": {
      "version": "3.2.0",
      "resolved": "https://registry.npmjs.org/jsonc-parser/-/jsonc-parser-3.2.0.tgz",
      "integrity": "sha512-gfFQZrcTc8CnKXp6Y4/CBT3fTc0OVuDofpre4aEeEpSBPV5X5v4+Vmx+8snU7RLPrNHPKSgLxGo9YuQzz20o+w==",
      "dev": true
    },
    "lunr": {
      "version": "2.3.9",
      "resolved": "https://registry.npmjs.org/lunr/-/lunr-2.3.9.tgz",
      "integrity": "sha512-zTU3DaZaF3Rt9rhN3uBMGQD3dD2/vFQqnvZCDv4dl5iOzq2IZQqTxu90r4E5J+nP70J3ilqVCrbho2eWaeW8Ow==",
      "dev": true
    },
    "marked": {
      "version": "4.2.12",
      "resolved": "https://registry.npmjs.org/marked/-/marked-4.2.12.tgz",
      "integrity": "sha512-yr8hSKa3Fv4D3jdZmtMMPghgVt6TWbk86WQaWhDloQjRSQhMMYCAro7jP7VDJrjjdV8pxVxMssXS8B8Y5DZ5aw==",
      "dev": true
    },
    "minimatch": {
      "version": "5.1.6",
      "resolved": "https://registry.npmjs.org/minimatch/-/minimatch-5.1.6.tgz",
      "integrity": "sha512-lKwV/1brpG6mBUFHtb7NUmtABCb2WZZmm2wNiOA5hAb8VdCS4B3dtMWyvcoViccwAW/COERjXLt0zP1zXUN26g==",
      "dev": true,
      "requires": {
        "brace-expansion": "^2.0.1"
      }
    },
    "path-root": {
      "version": "0.1.1",
      "resolved": "https://registry.npmjs.org/path-root/-/path-root-0.1.1.tgz",
      "integrity": "sha512-QLcPegTHF11axjfojBIoDygmS2E3Lf+8+jI6wOVmNVenrKSo3mFdSGiIgdSHenczw3wPtlVMQaFVwGmM7BJdtg==",
      "dev": true,
      "requires": {
        "path-root-regex": "^0.1.0"
      }
    },
    "path-root-regex": {
      "version": "0.1.2",
      "resolved": "https://registry.npmjs.org/path-root-regex/-/path-root-regex-0.1.2.tgz",
      "integrity": "sha512-4GlJ6rZDhQZFE0DPVKh0e9jmZ5egZfxTkp7bcRDuPlJXbAwhxcl2dINPUAsjLdejqaLsCeg8axcLjIbvBjN4pQ==",
      "dev": true
    },
    "resolve-package-path": {
      "version": "4.0.3",
      "resolved": "https://registry.npmjs.org/resolve-package-path/-/resolve-package-path-4.0.3.tgz",
      "integrity": "sha512-SRpNAPW4kewOaNUt8VPqhJ0UMxawMwzJD8V7m1cJfdSTK9ieZwS6K7Dabsm4bmLFM96Z5Y/UznrpG5kt1im8yA==",
      "dev": true,
      "requires": {
        "path-root": "^0.1.1"
      }
    },
    "shiki": {
      "version": "0.12.1",
      "resolved": "https://registry.npmjs.org/shiki/-/shiki-0.12.1.tgz",
      "integrity": "sha512-aieaV1m349rZINEBkjxh2QbBvFFQOlgqYTNtCal82hHj4dDZ76oMlQIX+C7ryerBTDiga3e5NfH6smjdJ02BbQ==",
      "dev": true,
      "requires": {
        "jsonc-parser": "^3.2.0",
        "vscode-oniguruma": "^1.7.0",
        "vscode-textmate": "^8.0.0"
      }
    },
    "typedoc": {
      "version": "0.23.24",
      "resolved": "https://registry.npmjs.org/typedoc/-/typedoc-0.23.24.tgz",
      "integrity": "sha512-bfmy8lNQh+WrPYcJbtjQ6JEEsVl/ce1ZIXyXhyW+a1vFrjO39t6J8sL/d6FfAGrJTc7McCXgk9AanYBSNvLdIA==",
      "dev": true,
      "requires": {
        "lunr": "^2.3.9",
        "marked": "^4.2.5",
        "minimatch": "^5.1.2",
        "shiki": "^0.12.1"
      }
    },
    "typescript": {
      "version": "4.9.4",
      "resolved": "https://registry.npmjs.org/typescript/-/typescript-4.9.4.tgz",
      "integrity": "sha512-Uz+dTXYzxXXbsFpM86Wh3dKCxrQqUcVMxwU54orwlJjOpO3ao8L7j5lH+dWfTwgCwIuM9GQ2kvVotzYJMXTBZg==",
      "dev": true
    },
    "vscode-oniguruma": {
      "version": "1.7.0",
      "resolved": "https://registry.npmjs.org/vscode-oniguruma/-/vscode-oniguruma-1.7.0.tgz",
      "integrity": "sha512-L9WMGRfrjOhgHSdOYgCt/yRMsXzLDJSL7BPrOZt73gU0iWO4mpqzqQzOz5srxqTvMBaR0XZTSrVWo4j55Rc6cA==",
      "dev": true
    },
    "vscode-textmate": {
      "version": "8.0.0",
      "resolved": "https://registry.npmjs.org/vscode-textmate/-/vscode-textmate-8.0.0.tgz",
      "integrity": "sha512-AFbieoL7a5LMqcnOF04ji+rpXadgOXnZsxQr//r83kLPr7biP7am3g9zbaZIaBGwBRWeSvoMD4mgPdX3e4NWBg==",
      "dev": true
    }
  }
}
